
Microsoft Visual Studio Solution File, Format Version 12.00
# Visual Studio Version 16
VisualStudioVersion = 16.0.30907.101
MinimumVisualStudioVersion = 10.0.40219.1
Project("{FAE04EC0-301F-11D3-BF4B-00C04F79EFBC}") = "Bank", "Bank\Bank.csproj", "{0657445C-D96D-4252-BDC4-48E96CFAFA43}"
EndProject
Global
	GlobalSection(SolutionConfigurationPlatforms) = preSolution
		Debug|Any CPU = Debug|Any CPU
		Release|Any CPU = Release|Any CPU
	EndGlobalSection
	GlobalSection(ProjectConfigurationPlatforms) = postSolution
		{0657445C-D96D-4252-BDC4-48E96CFAFA43}.Debug|Any CPU.ActiveCfg = Debug|Any CPU
		{0657445C-D96D-4252-BDC4-48E96CFAFA43}.Debug|Any CPU.Build.0 = Debug|Any CPU
		{0657445C-D96D-4252-BDC4-48E96CFAFA43}.Release|Any CPU.ActiveCfg = Release|Any CPU
		{0657445C-D96D-4252-BDC4-48E96CFAFA43}.Release|Any CPU.Build.0 = Release|Any CPU
	EndGlobalSection
	GlobalSection(SolutionProperties) = preSolution
		HideSolutionNode = FALSE
	EndGlobalSection
	GlobalSection(ExtensibilityGlobals) = postSolution
		SolutionGuid = {578E3BFD-2EF2-4391-904E-63B5684B3D8A}
	EndGlobalSection
EndGlobal
